
Microsoft Visual Studio Solution File, Format Version 12.00
# Visual Studio Version 16
VisualStudioVersion = 16.0.29806.167
MinimumVisualStudioVersion = 10.0.40219.1
Project("{9A19103F-16F7-4668-BE54-9A1E7A4F7556}") = "LessPaper.GuardService", "LessPaper.GuardService\LessPaper.GuardService.csproj", "{AE0F4CC9-DC6A-4ED9-9152-CE0DCD400370}"
EndProject
Project("{9A19103F-16F7-4668-BE54-9A1E7A4F7556}") = "LessPaper.GuardService.UnitTest", "LessPaper.GuardService.UnitTest\LessPaper.GuardService.UnitTest.csproj", "{86A89FD8-38D9-4BAA-8BBE-1164EE737C40}"
EndProject
Project("{9A19103F-16F7-4668-BE54-9A1E7A4F7556}") = "LessPaper.GuardService.IntegrationTest", "LessPaper.GuardService.IntegrationTest\LessPaper.GuardService.IntegrationTest.csproj", "{25A55E8C-CC9A-4937-9CFE-40C62B847C31}"
EndProject
Project("{FAE04EC0-301F-11D3-BF4B-00C04F79EFBC}") = "LessPaper.Guard.Database.MongoDb", "LessPaper.Guard.Database.MongoDb\LessPaper.Guard.Database.MongoDb.csproj", "{C0287D53-78E4-43B6-867B-ED301CFF00FE}"
EndProject
Project("{FAE04EC0-301F-11D3-BF4B-00C04F79EFBC}") = "LessPaper.Guard.Database.MongoDb.IntegrationTest", "LessPaper.Guard.Database.MongoDb.IntegrationTest\LessPaper.Guard.Database.MongoDb.IntegrationTest.csproj", "{82EA57E8-A6AD-41A6-94E6-19F6D4D3A7D2}"
EndProject
Global
	GlobalSection(SolutionConfigurationPlatforms) = preSolution
		Debug|Any CPU = Debug|Any CPU
		Release|Any CPU = Release|Any CPU
	EndGlobalSection
	GlobalSection(ProjectConfigurationPlatforms) = postSolution
		{AE0F4CC9-DC6A-4ED9-9152-CE0DCD400370}.Debug|Any CPU.ActiveCfg = Debug|Any CPU
		{AE0F4CC9-DC6A-4ED9-9152-CE0DCD400370}.Debug|Any CPU.Build.0 = Debug|Any CPU
		{AE0F4CC9-DC6A-4ED9-9152-CE0DCD400370}.Release|Any CPU.ActiveCfg = Release|Any CPU
		{AE0F4CC9-DC6A-4ED9-9152-CE0DCD400370}.Release|Any CPU.Build.0 = Release|Any CPU
		{86A89FD8-38D9-4BAA-8BBE-1164EE737C40}.Debug|Any CPU.ActiveCfg = Debug|Any CPU
		{86A89FD8-38D9-4BAA-8BBE-1164EE737C40}.Debug|Any CPU.Build.0 = Debug|Any CPU
		{86A89FD8-38D9-4BAA-8BBE-1164EE737C40}.Release|Any CPU.ActiveCfg = Release|Any CPU
		{86A89FD8-38D9-4BAA-8BBE-1164EE737C40}.Release|Any CPU.Build.0 = Release|Any CPU
		{25A55E8C-CC9A-4937-9CFE-40C62B847C31}.Debug|Any CPU.ActiveCfg = Debug|Any CPU
		{25A55E8C-CC9A-4937-9CFE-40C62B847C31}.Debug|Any CPU.Build.0 = Debug|Any CPU
		{25A55E8C-CC9A-4937-9CFE-40C62B847C31}.Release|Any CPU.ActiveCfg = Release|Any CPU
		{25A55E8C-CC9A-4937-9CFE-40C62B847C31}.Release|Any CPU.Build.0 = Release|Any CPU
		{C0287D53-78E4-43B6-867B-ED301CFF00FE}.Debug|Any CPU.ActiveCfg = Debug|Any CPU
		{C0287D53-78E4-43B6-867B-ED301CFF00FE}.Debug|Any CPU.Build.0 = Debug|Any CPU
		{C0287D53-78E4-43B6-867B-ED301CFF00FE}.Release|Any CPU.ActiveCfg = Release|Any CPU
		{C0287D53-78E4-43B6-867B-ED301CFF00FE}.Release|Any CPU.Build.0 = Release|Any CPU
		{82EA57E8-A6AD-41A6-94E6-19F6D4D3A7D2}.Debug|Any CPU.ActiveCfg = Debug|Any CPU
		{82EA57E8-A6AD-41A6-94E6-19F6D4D3A7D2}.Debug|Any CPU.Build.0 = Debug|Any CPU
		{82EA57E8-A6AD-41A6-94E6-19F6D4D3A7D2}.Release|Any CPU.ActiveCfg = Release|Any CPU
		{82EA57E8-A6AD-41A6-94E6-19F6D4D3A7D2}.Release|Any CPU.Build.0 = Release|Any CPU
	EndGlobalSection
	GlobalSection(SolutionProperties) = preSolution
		HideSolutionNode = FALSE
	EndGlobalSection
	GlobalSection(ExtensibilityGlobals) = postSolution
		SolutionGuid = {328ED7A3-E55F-4D21-9EB6-90851FB49E95}
	EndGlobalSection
EndGlobal
